
Microsoft Visual Studio Solution File, Format Version 12.00
# Visual Studio Version 16
VisualStudioVersion = 16.0.30320.27
MinimumVisualStudioVersion = 10.0.40219.1
Project("{9A19103F-16F7-4668-BE54-9A1E7A4F7556}") = "DotNet.UnitTestingFrameworks.API", "Src\DotNet.UnitTestingFrameworks.API\DotNet.UnitTestingFrameworks.API.csproj", "{C8C9A8F0-CA83-4F1E-9988-E335C1109114}"
EndProject
Project("{2150E333-8FDC-42A3-9474-1A3956D46DE8}") = "Src", "Src", "{5E2549F8-BF76-47C6-B019-CF2C064BC0E5}"
EndProject
Project("{2150E333-8FDC-42A3-9474-1A3956D46DE8}") = "Tests", "Tests", "{3B63650A-A420-4AC7-A2E2-844ECA33C632}"
EndProject
Project("{9A19103F-16F7-4668-BE54-9A1E7A4F7556}") = "DotNet.UnitTestingFrameworks.BLL", "Src\DotNet.UnitTestingFrameworks.BLL\DotNet.UnitTestingFrameworks.BLL.csproj", "{AC0957B3-B688-4740-94A8-923389AE9612}"
EndProject
Project("{9A19103F-16F7-4668-BE54-9A1E7A4F7556}") = "DotNet.UnitTestingFrameworks.DAL", "Src\DotNet.UnitTestingFrameworks.DAL\DotNet.UnitTestingFrameworks.DAL.csproj", "{07986B7B-0194-4E92-8459-30E47B31A20F}"
EndProject
Project("{9A19103F-16F7-4668-BE54-9A1E7A4F7556}") = "DotNet.UnitTestingFrameworks.Common", "Src\DotNet.UnitTestingFrameworks.Common\DotNet.UnitTestingFrameworks.Common.csproj", "{BFEB8B9D-1834-4DBB-8C46-63170053B3DA}"
EndProject
Project("{2150E333-8FDC-42A3-9474-1A3956D46DE8}") = "UnitTestingFrameworks", "UnitTestingFrameworks", "{CFF6E7B8-8EB8-421D-98D8-603273A9E61B}"
EndProject
Project("{2150E333-8FDC-42A3-9474-1A3956D46DE8}") = "Mock", "Mock", "{13AD2C55-82E6-442B-91CF-FD2173DAB9E5}"
EndProject
Project("{2150E333-8FDC-42A3-9474-1A3956D46DE8}") = "MockingLibraries", "MockingLibraries", "{B4D3D21A-A848-454C-AB7D-39BB661C3CB8}"
EndProject
Project("{9A19103F-16F7-4668-BE54-9A1E7A4F7556}") = "DotNet.UnitTestingFrameworks.MSTest", "Tests\UnitTestingFrameworks\DotNet.UnitTestingFrameworks.MSTest\DotNet.UnitTestingFrameworks.MSTest.csproj", "{226F4206-52AE-47D2-83AE-B6E7825293BF}"
EndProject
Project("{9A19103F-16F7-4668-BE54-9A1E7A4F7556}") = "DotNet.UnitTestingFrameworks.NUnit", "Tests\UnitTestingFrameworks\DotNet.UnitTestingFrameworks.NUnit\DotNet.UnitTestingFrameworks.NUnit.csproj", "{26942CA2-8C4E-4FA6-BA3B-C719E0053C25}"
EndProject
Project("{9A19103F-16F7-4668-BE54-9A1E7A4F7556}") = "DotNet.UnitTestingFrameworks.XUnit", "Tests\UnitTestingFrameworks\DotNet.UnitTestingFrameworks.XUnit\DotNet.UnitTestingFrameworks.XUnit.csproj", "{77C616BF-C30E-4160-BA11-E1ED57ABCA8C}"
EndProject
Project("{9A19103F-16F7-4668-BE54-9A1E7A4F7556}") = "DotNet.UnitTestingFrameworks.Moq", "Tests\MockingLibraries\DotNet.UnitTestingFrameworks.Moq\DotNet.UnitTestingFrameworks.Moq.csproj", "{9B2C7F68-BE92-4514-871F-B60E2A220CEB}"
EndProject
Project("{9A19103F-16F7-4668-BE54-9A1E7A4F7556}") = "DotNet.UnitTestingFrameworks.NSubstitute", "Tests\MockingLibraries\DotNet.UnitTestingFrameworks.NSubstitute\DotNet.UnitTestingFrameworks.NSubstitute.csproj", "{D5B1A1D1-719A-4D46-B094-2C36528739A8}"
EndProject
Project("{9A19103F-16F7-4668-BE54-9A1E7A4F7556}") = "DotNet.UnitTestingFrameworks.Mock", "Mock\DotNet.UnitTestingFrameworks.Mock\DotNet.UnitTestingFrameworks.Mock.csproj", "{534FED64-543F-4DD9-A146-5C18CBFE01D2}"
EndProject
Project("{9A19103F-16F7-4668-BE54-9A1E7A4F7556}") = "DotNet.UnitTestingFrameworks.Mock.Tests", "Mock\DotNet.UnitTestingFrameworks.Mock.Tests\DotNet.UnitTestingFrameworks.Mock.Tests.csproj", "{C45DB722-E049-4828-8883-859B00766992}"
EndProject
Project("{9A19103F-16F7-4668-BE54-9A1E7A4F7556}") = "DotNet.UnitTestingFrameworks.FluentAssertions", "Tests\DotNet.UnitTestingFrameworks.FluentAssertions\DotNet.UnitTestingFrameworks.FluentAssertions.csproj", "{98C01B4E-4ABA-43E0-8069-DBB5C5F272B7}"
EndProject
Project("{9A19103F-16F7-4668-BE54-9A1E7A4F7556}") = "DotNet.UnitTestingFrameworks.AutoFixture", "Tests\DotNet.UnitTestingFrameworks.AutoFixture\DotNet.UnitTestingFrameworks.AutoFixture.csproj", "{677F5476-94FA-4238-A63E-E8DF458CDFBA}"
EndProject
Global
	GlobalSection(SolutionConfigurationPlatforms) = preSolution
		Debug|Any CPU = Debug|Any CPU
		Release|Any CPU = Release|Any CPU
	EndGlobalSection
	GlobalSection(ProjectConfigurationPlatforms) = postSolution
		{C8C9A8F0-CA83-4F1E-9988-E335C1109114}.Debug|Any CPU.ActiveCfg = Debug|Any CPU
		{C8C9A8F0-CA83-4F1E-9988-E335C1109114}.Debug|Any CPU.Build.0 = Debug|Any CPU
		{C8C9A8F0-CA83-4F1E-9988-E335C1109114}.Release|Any CPU.ActiveCfg = Release|Any CPU
		{C8C9A8F0-CA83-4F1E-9988-E335C1109114}.Release|Any CPU.Build.0 = Release|Any CPU
		{AC0957B3-B688-4740-94A8-923389AE9612}.Debug|Any CPU.ActiveCfg = Debug|Any CPU
		{AC0957B3-B688-4740-94A8-923389AE9612}.Debug|Any CPU.Build.0 = Debug|Any CPU
		{AC0957B3-B688-4740-94A8-923389AE9612}.Release|Any CPU.ActiveCfg = Release|Any CPU
		{AC0957B3-B688-4740-94A8-923389AE9612}.Release|Any CPU.Build.0 = Release|Any CPU
		{07986B7B-0194-4E92-8459-30E47B31A20F}.Debug|Any CPU.ActiveCfg = Debug|Any CPU
		{07986B7B-0194-4E92-8459-30E47B31A20F}.Debug|Any CPU.Build.0 = Debug|Any CPU
		{07986B7B-0194-4E92-8459-30E47B31A20F}.Release|Any CPU.ActiveCfg = Release|Any CPU
		{07986B7B-0194-4E92-8459-30E47B31A20F}.Release|Any CPU.Build.0 = Release|Any CPU
		{BFEB8B9D-1834-4DBB-8C46-63170053B3DA}.Debug|Any CPU.ActiveCfg = Debug|Any CPU
		{BFEB8B9D-1834-4DBB-8C46-63170053B3DA}.Debug|Any CPU.Build.0 = Debug|Any CPU
		{BFEB8B9D-1834-4DBB-8C46-63170053B3DA}.Release|Any CPU.ActiveCfg = Release|Any CPU
		{BFEB8B9D-1834-4DBB-8C46-63170053B3DA}.Release|Any CPU.Build.0 = Release|Any CPU
		{226F4206-52AE-47D2-83AE-B6E7825293BF}.Debug|Any CPU.ActiveCfg = Debug|Any CPU
		{226F4206-52AE-47D2-83AE-B6E7825293BF}.Debug|Any CPU.Build.0 = Debug|Any CPU
		{226F4206-52AE-47D2-83AE-B6E7825293BF}.Release|Any CPU.ActiveCfg = Release|Any CPU
		{226F4206-52AE-47D2-83AE-B6E7825293BF}.Release|Any CPU.Build.0 = Release|Any CPU
		{26942CA2-8C4E-4FA6-BA3B-C719E0053C25}.Debug|Any CPU.ActiveCfg = Debug|Any CPU
		{26942CA2-8C4E-4FA6-BA3B-C719E0053C25}.Debug|Any CPU.Build.0 = Debug|Any CPU
		{26942CA2-8C4E-4FA6-BA3B-C719E0053C25}.Release|Any CPU.ActiveCfg = Release|Any CPU
		{26942CA2-8C4E-4FA6-BA3B-C719E0053C25}.Release|Any CPU.Build.0 = Release|Any CPU
		{77C616BF-C30E-4160-BA11-E1ED57ABCA8C}.Debug|Any CPU.ActiveCfg = Debug|Any CPU
		{77C616BF-C30E-4160-BA11-E1ED57ABCA8C}.Debug|Any CPU.Build.0 = Debug|Any CPU
		{77C616BF-C30E-4160-BA11-E1ED57ABCA8C}.Release|Any CPU.ActiveCfg = Release|Any CPU
		{77C616BF-C30E-4160-BA11-E1ED57ABCA8C}.Release|Any CPU.Build.0 = Release|Any CPU
		{9B2C7F68-BE92-4514-871F-B60E2A220CEB}.Debug|Any CPU.ActiveCfg = Debug|Any CPU
		{9B2C7F68-BE92-4514-871F-B60E2A220CEB}.Debug|Any CPU.Build.0 = Debug|Any CPU
		{9B2C7F68-BE92-4514-871F-B60E2A220CEB}.Release|Any CPU.ActiveCfg = Release|Any CPU
		{9B2C7F68-BE92-4514-871F-B60E2A220CEB}.Release|Any CPU.Build.0 = Release|Any CPU
		{D5B1A1D1-719A-4D46-B094-2C36528739A8}.Debug|Any CPU.ActiveCfg = Debug|Any CPU
		{D5B1A1D1-719A-4D46-B094-2C36528739A8}.Debug|Any CPU.Build.0 = Debug|Any CPU
		{D5B1A1D1-719A-4D46-B094-2C36528739A8}.Release|Any CPU.ActiveCfg = Release|Any CPU
		{D5B1A1D1-719A-4D46-B094-2C36528739A8}.Release|Any CPU.Build.0 = Release|Any CPU
		{534FED64-543F-4DD9-A146-5C18CBFE01D2}.Debug|Any CPU.ActiveCfg = Debug|Any CPU
		{534FED64-543F-4DD9-A146-5C18CBFE01D2}.Debug|Any CPU.Build.0 = Debug|Any CPU
		{534FED64-543F-4DD9-A146-5C18CBFE01D2}.Release|Any CPU.ActiveCfg = Release|Any CPU
		{534FED64-543F-4DD9-A146-5C18CBFE01D2}.Release|Any CPU.Build.0 = Release|Any CPU
		{C45DB722-E049-4828-8883-859B00766992}.Debug|Any CPU.ActiveCfg = Debug|Any CPU
		{C45DB722-E049-4828-8883-859B00766992}.Debug|Any CPU.Build.0 = Debug|Any CPU
		{C45DB722-E049-4828-8883-859B00766992}.Release|Any CPU.ActiveCfg = Release|Any CPU
		{C45DB722-E049-4828-8883-859B00766992}.Release|Any CPU.Build.0 = Release|Any CPU
		{98C01B4E-4ABA-43E0-8069-DBB5C5F272B7}.Debug|Any CPU.ActiveCfg = Debug|Any CPU
		{98C01B4E-4ABA-43E0-8069-DBB5C5F272B7}.Debug|Any CPU.Build.0 = Debug|Any CPU
		{98C01B4E-4ABA-43E0-8069-DBB5C5F272B7}.Release|Any CPU.ActiveCfg = Release|Any CPU
		{98C01B4E-4ABA-43E0-8069-DBB5C5F272B7}.Release|Any CPU.Build.0 = Release|Any CPU
		{677F5476-94FA-4238-A63E-E8DF458CDFBA}.Debug|Any CPU.ActiveCfg = Debug|Any CPU
		{677F5476-94FA-4238-A63E-E8DF458CDFBA}.Debug|Any CPU.Build.0 = Debug|Any CPU
		{677F5476-94FA-4238-A63E-E8DF458CDFBA}.Release|Any CPU.ActiveCfg = Release|Any CPU
		{677F5476-94FA-4238-A63E-E8DF458CDFBA}.Release|Any CPU.Build.0 = Release|Any CPU
	EndGlobalSection
	GlobalSection(SolutionProperties) = preSolution
		HideSolutionNode = FALSE
	EndGlobalSection
	GlobalSection(NestedProjects) = preSolution
		{C8C9A8F0-CA83-4F1E-9988-E335C1109114} = {5E2549F8-BF76-47C6-B019-CF2C064BC0E5}
		{AC0957B3-B688-4740-94A8-923389AE9612} = {5E2549F8-BF76-47C6-B019-CF2C064BC0E5}
		{07986B7B-0194-4E92-8459-30E47B31A20F} = {5E2549F8-BF76-47C6-B019-CF2C064BC0E5}
		{BFEB8B9D-1834-4DBB-8C46-63170053B3DA} = {5E2549F8-BF76-47C6-B019-CF2C064BC0E5}
		{CFF6E7B8-8EB8-421D-98D8-603273A9E61B} = {3B63650A-A420-4AC7-A2E2-844ECA33C632}
		{B4D3D21A-A848-454C-AB7D-39BB661C3CB8} = {3B63650A-A420-4AC7-A2E2-844ECA33C632}
		{226F4206-52AE-47D2-83AE-B6E7825293BF} = {CFF6E7B8-8EB8-421D-98D8-603273A9E61B}
		{26942CA2-8C4E-4FA6-BA3B-C719E0053C25} = {CFF6E7B8-8EB8-421D-98D8-603273A9E61B}
		{77C616BF-C30E-4160-BA11-E1ED57ABCA8C} = {CFF6E7B8-8EB8-421D-98D8-603273A9E61B}
		{9B2C7F68-BE92-4514-871F-B60E2A220CEB} = {B4D3D21A-A848-454C-AB7D-39BB661C3CB8}
		{D5B1A1D1-719A-4D46-B094-2C36528739A8} = {B4D3D21A-A848-454C-AB7D-39BB661C3CB8}
		{534FED64-543F-4DD9-A146-5C18CBFE01D2} = {13AD2C55-82E6-442B-91CF-FD2173DAB9E5}
		{C45DB722-E049-4828-8883-859B00766992} = {13AD2C55-82E6-442B-91CF-FD2173DAB9E5}
		{98C01B4E-4ABA-43E0-8069-DBB5C5F272B7} = {3B63650A-A420-4AC7-A2E2-844ECA33C632}
		{677F5476-94FA-4238-A63E-E8DF458CDFBA} = {3B63650A-A420-4AC7-A2E2-844ECA33C632}
	EndGlobalSection
	GlobalSection(ExtensibilityGlobals) = postSolution
		SolutionGuid = {6CA0258D-1A9F-49D3-AB96-815E40A3AE58}
	EndGlobalSection
EndGlobal
